Microsoft Visual Studio Solution File, Format Version 12.00
# Visual Studio 2012
Project("{FAE04EC0-301F-11D3-BF4B-00C04F79EFBC}") = "simulacion_ecs", "simulacion_ecs.csproj", "{A6F498E0-6F01-48AB-ADAD-D6CF68A3A423}"
EndProject
Global
	GlobalSection(SolutionConfigurationPlatforms) = preSolution
	Debug|Any CPU = Debug|Any CPU
	ExportDebug|Any CPU = ExportDebug|Any CPU
	ExportRelease|Any CPU = ExportRelease|Any CPU
	EndGlobalSection
	GlobalSection(ProjectConfigurationPlatforms) = postSolution
		{A6F498E0-6F01-48AB-ADAD-D6CF68A3A423}.Debug|Any CPU.ActiveCfg = Debug|Any CPU
		{A6F498E0-6F01-48AB-ADAD-D6CF68A3A423}.Debug|Any CPU.Build.0 = Debug|Any CPU
		{A6F498E0-6F01-48AB-ADAD-D6CF68A3A423}.ExportDebug|Any CPU.ActiveCfg = ExportDebug|Any CPU
		{A6F498E0-6F01-48AB-ADAD-D6CF68A3A423}.ExportDebug|Any CPU.Build.0 = ExportDebug|Any CPU
		{A6F498E0-6F01-48AB-ADAD-D6CF68A3A423}.ExportRelease|Any CPU.ActiveCfg = ExportRelease|Any CPU
		{A6F498E0-6F01-48AB-ADAD-D6CF68A3A423}.ExportRelease|Any CPU.Build.0 = ExportRelease|Any CPU
	EndGlobalSection
EndGlobal
